// !$*UTF8*$!
{
	archiveVersion = 1;
	classes = {
	};
	objectVersion = 46;
	objects = {

/* Begin PBXBuildFile section */
		127F174A206ED968004C23A8 /* AppDelegate.swift in Sources */ = {isa = PBXBuildFile; fileRef = 127F1749206ED968004C23A8 /* AppDelegate.swift */; };
		127F174C206ED968004C23A8 /* ViewController.swift in Sources */ = {isa = PBXBuildFile; fileRef = 127F174B206ED968004C23A8 /* ViewController.swift */; };
		127F174F206ED968004C23A8 /* Main.storyboard in Resources */ = {isa = PBXBuildFile; fileRef = 127F174D206ED968004C23A8 /* Main.storyboard */; };
		127F1751206ED968004C23A8 /* Assets.xcassets in Resources */ = {isa = PBXBuildFile; fileRef = 127F1750206ED968004C23A8 /* Assets.xcassets */; };
		127F1754206ED968004C23A8 /* LaunchScreen.storyboard in Resources */ = {isa = PBXBuildFile; fileRef = 127F1752206ED968004C23A8 /* LaunchScreen.storyboard */; };
		127F175C206EDBF1004C23A8 /* Exhibit.swift in Sources */ = {isa = PBXBuildFile; fileRef = 127F175B206EDBF1004C23A8 /* Exhibit.swift */; };
		127F175E206EDCA0004C23A8 /* MuseumMap.swift in Sources */ = {isa = PBXBuildFile; fileRef = 127F175D206EDCA0004C23A8 /* MuseumMap.swift */; };
		127F1760206EDD18004C23A8 /* MatrixMap.swift in Sources */ = {isa = PBXBuildFile; fileRef = 127F175F206EDD18004C23A8 /* MatrixMap.swift */; };
		12AF958E206F8E4E0063DC4B /* MuseumTableViewController.swift in Sources */ = {isa = PBXBuildFile; fileRef = 12AF958D206F8E4E0063DC4B /* MuseumTableViewController.swift */; };
		12AF9590206F8F270063DC4B /* MuseumViewCell.swift in Sources */ = {isa = PBXBuildFile; fileRef = 12AF958F206F8F270063DC4B /* MuseumViewCell.swift */; };
		12AF9592206F91400063DC4B /* MapViewController.swift in Sources */ = {isa = PBXBuildFile; fileRef = 12AF9591206F91400063DC4B /* MapViewController.swift */; };
		12AF9594206FAEDF0063DC4B /* Array2D.swift in Sources */ = {isa = PBXBuildFile; fileRef = 12AF9593206FAEDF0063DC4B /* Array2D.swift */; };
		12AF9596206FB3610063DC4B /* ExhibitView.swift in Sources */ = {isa = PBXBuildFile; fileRef = 12AF9595206FB3610063DC4B /* ExhibitView.swift */; };
		12EA40842070DEDD00B92D9E /* UserView.swift in Sources */ = {isa = PBXBuildFile; fileRef = 12EA40832070DEDD00B92D9E /* UserView.swift */; };
/* End PBXBuildFile section */

/* Begin PBXFileReference section */
		127F1746206ED968004C23A8 /* IndoorMap.app */ = {isa = PBXFileReference; explicitFileType = wrapper.application; includeInIndex = 0; path = IndoorMap.app; sourceTree = BUILT_PRODUCTS_DIR; };
		127F1749206ED968004C23A8 /* AppDelegate.swift */ = {isa = PBXFileReference; lastKnownFileType = sourcecode.swift; path = AppDelegate.swift; sourceTree = "<group>"; };
		127F174B206ED968004C23A8 /* ViewController.swift */ = {isa = PBXFileReference; lastKnownFileType = sourcecode.swift; path = ViewController.swift; sourceTree = "<group>"; };
		127F174E206ED968004C23A8 /* Base */ = {isa = PBXFileReference; lastKnownFileType = file.storyboard; name = Base; path = Base.lproj/Main.storyboard; sourceTree = "<group>"; };
		127F1750206ED968004C23A8 /* Assets.xcassets */ = {isa = PBXFileReference; lastKnownFileType = folder.assetcatalog; path = Assets.xcassets; sourceTree = "<group>"; };
		127F1753206ED968004C23A8 /* Base */ = {isa = PBXFileReference; lastKnownFileType = file.storyboard; name = Base; path = Base.lproj/LaunchScreen.storyboard; sourceTree = "<group>"; };
		127F1755206ED968004C23A8 /* Info.plist */ = {isa = PBXFileReference; lastKnownFileType = text.plist.xml; path = Info.plist; sourceTree = "<group>"; };
		127F175B206EDBF1004C23A8 /* Exhibit.swift */ = {isa = PBXFileReference; fileEncoding = 4; lastKnownFileType = sourcecode.swift; path = Exhibit.swift; sourceTree = "<group>"; };
		127F175D206EDCA0004C23A8 /* MuseumMap.swift */ = {isa = PBXFileReference; fileEncoding = 4; lastKnownFileType = sourcecode.swift; path = MuseumMap.swift; sourceTree = "<group>"; };
		127F175F206EDD18004C23A8 /* MatrixMap.swift */ = {isa = PBXFileReference; fileEncoding = 4; lastKnownFileType = sourcecode.swift; path = MatrixMap.swift; sourceTree = "<group>"; };
		12AF958D206F8E4E0063DC4B /* MuseumTableViewController.swift */ = {isa = PBXFileReference; fileEncoding = 4; lastKnownFileType = sourcecode.swift; path = MuseumTableViewController.swift; sourceTree = "<group>"; };
		12AF958F206F8F270063DC4B /* MuseumViewCell.swift */ = {isa = PBXFileReference; fileEncoding = 4; lastKnownFileType = sourcecode.swift; path = MuseumViewCell.swift; sourceTree = "<group>"; };
		12AF9591206F91400063DC4B /* MapViewController.swift */ = {isa = PBXFileReference; fileEncoding = 4; lastKnownFileType = sourcecode.swift; path = MapViewController.swift; sourceTree = "<group>"; };
		12AF9593206FAEDF0063DC4B /* Array2D.swift */ = {isa = PBXFileReference; fileEncoding = 4; lastKnownFileType = sourcecode.swift; path = Array2D.swift; sourceTree = "<group>"; };
		12AF9595206FB3610063DC4B /* ExhibitView.swift */ = {isa = PBXFileReference; fileEncoding = 4; lastKnownFileType = sourcecode.swift; path = ExhibitView.swift; sourceTree = "<group>"; };
		12EA40832070DEDD00B92D9E /* UserView.swift */ = {isa = PBXFileReference; fileEncoding = 4; lastKnownFileType = sourcecode.swift; path = UserView.swift; sourceTree = "<group>"; };
/* End PBXFileReference section */

/* Begin PBXFrameworksBuildPhase section */
		127F1743206ED967004C23A8 /* Frameworks */ = {
			isa = PBXFrameworksBuildPhase;
			buildActionMask = 2147483647;
			files = (
			);
			runOnlyForDeploymentPostprocessing = 0;
		};
/* End PBXFrameworksBuildPhase section */

/* Begin PBXGroup section */
		127F173D206ED967004C23A8 = {
			isa = PBXGroup;
			children = (
				127F1748206ED968004C23A8 /* IndoorMap */,
				127F1747206ED968004C23A8 /* Products */,
			);
			sourceTree = "<group>";
		};
		127F1747206ED968004C23A8 /* Products */ = {
			isa = PBXGroup;
			children = (
				127F1746206ED968004C23A8 /* IndoorMap.app */,
			);
			name = Products;
			sourceTree = "<group>";
		};
		127F1748206ED968004C23A8 /* IndoorMap */ = {
			isa = PBXGroup;
			children = (
				127F1749206ED968004C23A8 /* AppDelegate.swift */,
				127F175B206EDBF1004C23A8 /* Exhibit.swift */,
				127F174B206ED968004C23A8 /* ViewController.swift */,
				127F174D206ED968004C23A8 /* Main.storyboard */,
				127F1750206ED968004C23A8 /* Assets.xcassets */,
				127F1752206ED968004C23A8 /* LaunchScreen.storyboard */,
				127F1755206ED968004C23A8 /* Info.plist */,
				127F175D206EDCA0004C23A8 /* MuseumMap.swift */,
				127F175F206EDD18004C23A8 /* MatrixMap.swift */,
				12AF958D206F8E4E0063DC4B /* MuseumTableViewController.swift */,
				12AF958F206F8F270063DC4B /* MuseumViewCell.swift */,
				12AF9591206F91400063DC4B /* MapViewController.swift */,
				12AF9593206FAEDF0063DC4B /* Array2D.swift */,
				12AF9595206FB3610063DC4B /* ExhibitView.swift */,
				12EA40832070DEDD00B92D9E /* UserView.swift */,
			);
			path = IndoorMap;
			sourceTree = "<group>";
		};
/* End PBXGroup section */

/* Begin PBXNativeTarget section */
		127F1745206ED967004C23A8 /* IndoorMap */ = {
			isa = PBXNativeTarget;
			buildConfigurationList = 127F1758206ED968004C23A8 /* Build configuration list for PBXNativeTarget "IndoorMap" */;
			buildPhases = (
				127F1742206ED967004C23A8 /* Sources */,
				127F1743206ED967004C23A8 /* Frameworks */,
				127F1744206ED967004C23A8 /* Resources */,
			);
			buildRules = (
			);
			dependencies = (
			);
			name = IndoorMap;
			productName = IndoorMap;
			productReference = 127F1746206ED968004C23A8 /* IndoorMap.app */;
			productType = "com.apple.product-type.application";
		};
/* End PBXNativeTarget section */

/* Begin PBXProject section */
		127F173E206ED967004C23A8 /* Project object */ = {
			isa = PBXProject;
			attributes = {
				LastSwiftUpdateCheck = 0820;
				LastUpgradeCheck = 0820;
				ORGANIZATIONNAME = Shayimpagne;
				TargetAttributes = {
					127F1745206ED967004C23A8 = {
						CreatedOnToolsVersion = 8.2.1;
						ProvisioningStyle = Automatic;
					};
				};
			};
			buildConfigurationList = 127F1741206ED967004C23A8 /* Build configuration list for PBXProject "IndoorMap" */;
			compatibilityVersion = "Xcode 3.2";
			developmentRegion = English;
			hasScannedForEncodings = 0;
			knownRegions = (
				en,
				Base,
			);
			mainGroup = 127F173D206ED967004C23A8;
			productRefGroup = 127F1747206ED968004C23A8 /* Products */;
			projectDirPath = "";
			projectRoot = "";
			targets = (
				127F1745206ED967004C23A8 /* IndoorMap */,
			);
		};
/* End PBXProject section */

/* Begin PBXResourcesBuildPhase section */
		127F1744206ED967004C23A8 /* Resources */ = {
			isa = PBXResourcesBuildPhase;
			buildActionMask = 2147483647;
			files = (
				127F1754206ED968004C23A8 /* LaunchScreen.storyboard in Resources */,
				127F1751206ED968004C23A8 /* Assets.xcassets in Resources */,
				127F174F206ED968004C23A8 /* Main.storyboard in Resources */,
			);
			runOnlyForDeploymentPostprocessing = 0;
		};
/* End PBXResourcesBuildPhase section */

/* Begin PBXSourcesBuildPhase section */
		127F1742206ED967004C23A8 /* Sources */ = {
			isa = PBXSourcesBuildPhase;
			buildActionMask = 2147483647;
			files = (
				12EA40842070DEDD00B92D9E /* UserView.swift in Sources */,
				127F1760206EDD18004C23A8 /* MatrixMap.swift in Sources */,
				12AF9594206FAEDF0063DC4B /* Array2D.swift in Sources */,
				127F175E206EDCA0004C23A8 /* MuseumMap.swift in Sources */,
				127F175C206EDBF1004C23A8 /* Exhibit.swift in Sources */,
				12AF9596206FB3610063DC4B /* ExhibitView.swift in Sources */,
				127F174C206ED968004C23A8 /* ViewController.swift in Sources */,
				127F174A206ED968004C23A8 /* AppDelegate.swift in Sources */,
				12AF9590206F8F270063DC4B /* MuseumViewCell.swift in Sources */,
				12AF958E206F8E4E0063DC4B /* MuseumTableViewController.swift in Sources */,
				12AF9592206F91400063DC4B /* MapViewController.swift in Sources */,
			);
			runOnlyForDeploymentPostprocessing = 0;
		};
/* End PBXSourcesBuildPhase section */

/* Begin PBXVariantGroup section */
		127F174D206ED968004C23A8 /* Main.storyboard */ = {
			isa = PBXVariantGroup;
			children = (
				127F174E206ED968004C23A8 /* Base */,
			);
			name = Main.storyboard;
			sourceTree = "<group>";
		};
		127F1752206ED968004C23A8 /* LaunchScreen.storyboard */ = {
			isa = PBXVariantGroup;
			children = (
				127F1753206ED968004C23A8 /* Base */,
			);
			name = LaunchScreen.storyboard;
			sourceTree = "<group>";
		};
/* End PBXVariantGroup section */

/* Begin XCBuildConfiguration section */
		127F1756206ED968004C23A8 /* Debug */ = {
			isa = XCBuildConfiguration;
			buildSettings = {
				ALWAYS_SEARCH_USER_PATHS = NO;
				CLANG_ANALYZER_NONNULL = YES;
				CLANG_CXX_LANGUAGE_STANDARD = "gnu++0x";
				CLANG_CXX_LIBRARY = "libc++";
				CLANG_ENABLE_MODULES = YES;
				CLANG_ENABLE_OBJC_ARC = YES;
				CLANG_WARN_BOOL_CONVERSION = YES;
				CLANG_WARN_CONSTANT_CONVERSION = YES;
				CLANG_WARN_DIRECT_OBJC_ISA_USAGE = YES_ERROR;
				CLANG_WARN_DOCUMENTATION_COMMENTS = YES;
				CLANG_WARN_EMPTY_BODY = YES;
				CLANG_WARN_ENUM_CONVERSION = YES;
				CLANG_WARN_INFINITE_RECURSION = YES;
				CLANG_WARN_INT_CONVERSION = YES;
				CLANG_WARN_OBJC_ROOT_CLASS = YES_ERROR;
				CLANG_WARN_SUSPICIOUS_MOVE = YES;
				CLANG_WARN_UNREACHABLE_CODE = YES;
				CLANG_WARN__DUPLICATE_METHOD_MATCH = YES;
				"CODE_SIGN_IDENTITY[sdk=iphoneos*]" = "iPhone Developer";
				COPY_PHASE_STRIP = NO;
				DEBUG_INFORMATION_FORMAT = dwarf;
				ENABLE_STRICT_OBJC_MSGSEND = YES;
				ENABLE_TESTABILITY = YES;
				GCC_C_LANGUAGE_STANDARD = gnu99;
				GCC_DYNAMIC_NO_PIC = NO;
				GCC_NO_COMMON_BLOCKS = YES;
				GCC_OPTIMIZATION_LEVEL = 0;
				GCC_PREPROCESSOR_DEFINITIONS = (
					"DEBUG=1",
					"$(inherited)",
				);
				GCC_WARN_64_TO_32_BIT_CONVERSION = YES;
				GCC_WARN_ABOUT_RETURN_TYPE = YES_ERROR;
				GCC_WARN_UNDECLARED_SELECTOR = YES;
				GCC_WARN_UNINITIALIZED_AUTOS = YES_AGGRESSIVE;
				GCC_WARN_UNUSED_FUNCTION = YES;
				GCC_WARN_UNUSED_VARIABLE = YES;
				IPHONEOS_DEPLOYMENT_TARGET = 10.2;
				MTL_ENABLE_DEBUG_INFO = YES;
				ONLY_ACTIVE_ARCH = YES;
				SDKROOT = iphoneos;
				SWIFT_ACTIVE_COMPILATION_CONDITIONS = DEBUG;
				SWIFT_OPTIMIZATION_LEVEL = "-Onone";
				TARGETED_DEVICE_FAMILY = "1,2";
			};
			name = Debug;
		};
		127F1757206ED968004C23A8 /* Release */ = {
			isa = XCBuildConfiguration;
			buildSettings = {
				ALWAYS_SEARCH_USER_PATHS = NO;
				CLANG_ANALYZER_NONNULL = YES;
				CLANG_CXX_LANGUAGE_STANDARD = "gnu++0x";
				CLANG_CXX_LIBRARY = "libc++";
				CLANG_ENABLE_MODULES = YES;
				CLANG_ENABLE_OBJC_ARC = YES;
				CLANG_WARN_BOOL_CONVERSION = YES;
				CLANG_WARN_CONSTANT_CONVERSION = YES;
				CLANG_WARN_DIRECT_OBJC_ISA_USAGE = YES_ERROR;
				CLANG_WARN_DOCUMENTATION_COMMENTS = YES;
				CLANG_WARN_EMPTY_BODY = YES;
				CLANG_WARN_ENUM_CONVERSION = YES;
				CLANG_WARN_INFINITE_RECURSION = YES;
				CLANG_WARN_INT_CONVERSION = YES;
				CLANG_WARN_OBJC_ROOT_CLASS = YES_ERROR;
				CLANG_WARN_SUSPICIOUS_MOVE = YES;
				CLANG_WARN_UNREACHABLE_CODE = YES;
				CLANG_WARN__DUPLICATE_METHOD_MATCH = YES;
				"CODE_SIGN_IDENTITY[sdk=iphoneos*]" = "iPhone Developer";
				COPY_PHASE_STRIP = NO;
				DEBUG_INFORMATION_FORMAT = "dwarf-with-dsym";
				ENABLE_NS_ASSERTIONS = NO;
				ENABLE_STRICT_OBJC_MSGSEND = YES;
				GCC_C_LANGUAGE_STANDARD = gnu99;
				GCC_NO_COMMON_BLOCKS = YES;
				GCC_WARN_64_TO_32_BIT_CONVERSION = YES;
				GCC_WARN_ABOUT_RETURN_TYPE = YES_ERROR;
				GCC_WARN_UNDECLARED_SELECTOR = YES;
				GCC_WARN_UNINITIALIZED_AUTOS = YES_AGGRESSIVE;
				GCC_WARN_UNUSED_FUNCTION = YES;
				GCC_WARN_UNUSED_VARIABLE = YES;
				IPHONEOS_DEPLOYMENT_TARGET = 10.2;
				MTL_ENABLE_DEBUG_INFO = NO;
				SDKROOT = iphoneos;
				SWIFT_OPTIMIZATION_LEVEL = "-Owholemodule";
				TARGETED_DEVICE_FAMILY = "1,2";
				VALIDATE_PRODUCT = YES;
			};
			name = Release;
		};
		127F1759206ED968004C23A8 /* Debug */ = {
			isa = XCBuildConfiguration;
			buildSettings = {
				ASSETCATALOG_COMPILER_APPICON_NAME = AppIcon;
				INFOPLIST_FILE = IndoorMap/Info.plist;
				LD_RUNPATH_SEARCH_PATHS = "$(inherited) @executable_path/Frameworks";
				PRODUCT_BUNDLE_IDENTIFIER = com.shayimpagne.IndoorMap;
				PRODUCT_NAME = "$(TARGET_NAME)";
				SWIFT_VERSION = 3.0;
			};
			name = Debug;
		};
		127F175A206ED968004C23A8 /* Release */ = {
			isa = XCBuildConfiguration;
			buildSettings = {
				ASSETCATALOG_COMPILER_APPICON_NAME = AppIcon;
				INFOPLIST_FILE = IndoorMap/Info.plist;
				LD_RUNPATH_SEARCH_PATHS = "$(inherited) @executable_path/Frameworks";
				PRODUCT_BUNDLE_IDENTIFIER = com.shayimpagne.IndoorMap;
				PRODUCT_NAME = "$(TARGET_NAME)";
				SWIFT_VERSION = 3.0;
			};
			name = Release;
		};
/* End XCBuildConfiguration section */

/* Begin XCConfigurationList section */
		127F1741206ED967004C23A8 /* Build configuration list for PBXProject "IndoorMap" */ = {
			isa = XCConfigurationList;
			buildConfigurations = (
				127F1756206ED968004C23A8 /* Debug */,
				127F1757206ED968004C23A8 /* Release */,
			);
			defaultConfigurationIsVisible = 0;
			defaultConfigurationName = Release;
		};
		127F1758206ED968004C23A8 /* Build configuration list for PBXNativeTarget "IndoorMap" */ = {
			isa = XCConfigurationList;
			buildConfigurations = (
				127F1759206ED968004C23A8 /* Debug */,
				127F175A206ED968004C23A8 /* Release */,
			);
			defaultConfigurationIsVisible = 0;
			defaultConfigurationName = Release;
		};
/* End XCConfigurationList section */
	};
	rootObject = 127F173E206ED967004C23A8 /* Project object */;
}
